
Microsoft Visual Studio Solution File, Format Version 12.00
# Visual Studio Version 16
VisualStudioVersion = 16.0.31025.194
MinimumVisualStudioVersion = 10.0.40219.1
Project("{FAE04EC0-301F-11D3-BF4B-00C04F79EFBC}") = "Dashboard.Service", "Dashboard.Service\Dashboard.Service.csproj", "{36484299-E13B-4412-BBAA-F0B029FAA724}"
EndProject
Project("{FAE04EC0-301F-11D3-BF4B-00C04F79EFBC}") = "Dashboard.Core", "Dashboard.Core\Dashboard.Core.csproj", "{FB243C6B-545C-440C-ABB0-FE7214DE00F3}"
EndProject
Project("{FAE04EC0-301F-11D3-BF4B-00C04F79EFBC}") = "Dashboard.ServiceTests", "Dashboard.ServiceTests\Dashboard.ServiceTests.csproj", "{47B9E180-AC29-4C2A-BD12-430FD126AEB3}"
EndProject
Global
	GlobalSection(SolutionConfigurationPlatforms) = preSolution
		Debug|Any CPU = Debug|Any CPU
		Release|Any CPU = Release|Any CPU
	EndGlobalSection
	GlobalSection(ProjectConfigurationPlatforms) = postSolution
		{36484299-E13B-4412-BBAA-F0B029FAA724}.Debug|Any CPU.ActiveCfg = Debug|Any CPU
		{36484299-E13B-4412-BBAA-F0B029FAA724}.Debug|Any CPU.Build.0 = Debug|Any CPU
		{36484299-E13B-4412-BBAA-F0B029FAA724}.Release|Any CPU.ActiveCfg = Release|Any CPU
		{36484299-E13B-4412-BBAA-F0B029FAA724}.Release|Any CPU.Build.0 = Release|Any CPU
		{FB243C6B-545C-440C-ABB0-FE7214DE00F3}.Debug|Any CPU.ActiveCfg = Debug|Any CPU
		{FB243C6B-545C-440C-ABB0-FE7214DE00F3}.Debug|Any CPU.Build.0 = Debug|Any CPU
		{FB243C6B-545C-440C-ABB0-FE7214DE00F3}.Release|Any CPU.ActiveCfg = Release|Any CPU
		{FB243C6B-545C-440C-ABB0-FE7214DE00F3}.Release|Any CPU.Build.0 = Release|Any CPU
		{47B9E180-AC29-4C2A-BD12-430FD126AEB3}.Debug|Any CPU.ActiveCfg = Debug|Any CPU
		{47B9E180-AC29-4C2A-BD12-430FD126AEB3}.Debug|Any CPU.Build.0 = Debug|Any CPU
		{47B9E180-AC29-4C2A-BD12-430FD126AEB3}.Release|Any CPU.ActiveCfg = Release|Any CPU
		{47B9E180-AC29-4C2A-BD12-430FD126AEB3}.Release|Any CPU.Build.0 = Release|Any CPU
	EndGlobalSection
	GlobalSection(SolutionProperties) = preSolution
		HideSolutionNode = FALSE
	EndGlobalSection
	GlobalSection(ExtensibilityGlobals) = postSolution
		SolutionGuid = {10F1AF7B-9B29-4A6B-9B40-C6DD1EF6CB5D}
	EndGlobalSection
EndGlobal
